# THIS IS AN AUTOGENERATED FILE. DO NOT EDIT THIS FILE DIRECTLY.
# yarn lockfile v1


"@babel/helper-plugin-utils@^7.16.7":
  version "7.16.7"
  resolved "https://registry.yarnpkg.com/@babel/helper-plugin-utils/-/helper-plugin-utils-7.16.7.tgz#aa3a8ab4c3cceff8e65eb9e73d87dc4ff320b2f5"
  integrity sha512-Qg3Nk7ZxpgMrsox6HreY1ZNKdBq7K72tDSliA6dCl5f007jR4ne8iD5UzuNnCJH2xBf2BEEVGr+/OL6Gdp7RxA==

"@babel/plugin-transform-object-assign@^7.16.7":
  version "7.16.7"
  resolved "https://registry.yarnpkg.com/@babel/plugin-transform-object-assign/-/plugin-transform-object-assign-7.16.7.tgz#5fe08d63dccfeb6a33aa2638faf98e5c584100f8"
  integrity sha512-R8mawvm3x0COTJtveuoqZIjNypn2FjfvXZr4pSQ8VhEFBuQGBz4XhHasZtHXjgXU4XptZ4HtGof3NoYc93ZH9Q==
  dependencies:
    "@babel/helper-plugin-utils" "^7.16.7"

"@callstack/react-theme-provider@^3.0.7":
  version "3.0.7"
  resolved "https://registry.yarnpkg.com/@callstack/react-theme-provider/-/react-theme-provider-3.0.7.tgz#b7ce1a53d63ad5e83574b831ae0af6b7c6cc40e7"
  integrity sha512-Ab6rbD2w4u9W3yf7LQQ8evx9m8fZNsoWxt+MFm3AyZnyKQNCJf4K7ip9tHHZgSs+HTdoj38lEqPehvFOVQKvAg==
  dependencies:
    deepmerge "^3.2.0"
    hoist-non-react-statics "^3.3.0"

"@egjs/hammerjs@^2.0.17":
  version "2.0.17"
  resolved "https://registry.yarnpkg.com/@egjs/hammerjs/-/hammerjs-2.0.17.tgz#5dc02af75a6a06e4c2db0202cae38c9263895124"
  integrity sha512-XQsZgjm2EcVUiZQf11UBJQfmZeEmOW8DpI1gsFeln6w0ae0ii4dMQEQ0kjl6DspdWX1aGY1/loyXnP0JS06e/A==
  dependencies:
    "@types/hammerjs" "^2.0.36"

"@expo/react-native-action-sheet@^3.6.0":
  version "3.13.0"
  resolved "https://registry.yarnpkg.com/@expo/react-native-action-sheet/-/react-native-action-sheet-3.13.0.tgz#b4cb08440c54b5ec0b3e429cac396422da1d9442"
  integrity sha512-EFLK35TBsM28W43SY54lISAIvjEm9584LIRWXsYaf5sgmfF65oWAOQP4UyKxMPLYGoaKjnCAJVFNtZUK80ss9A==
  dependencies:
    "@types/hoist-non-react-statics" "^3.3.1"
    hoist-non-react-statics "^3.3.0"

"@notifee/react-native@^5.1.0":
  version "5.1.0"
  resolved "https://registry.yarnpkg.com/@notifee/react-native/-/react-native-5.1.0.tgz#4891f7d874fb5a26a8c19cc803dac5d0f739c03c"
  integrity sha512-8fa2tTCgvdYO/xTqgoax1VxF/bLOAKIZd9hM85/ALUMQZX9LQz+y7rVMBCt3ZWI+lIVaZ50Px/4cMWYMnmqy9g==

"@react-native-async-storage/async-storage@^1.13.4", "@react-native-async-storage/async-storage@^1.17.3":
  version "1.17.3"
  resolved "https://registry.yarnpkg.com/@react-native-async-storage/async-storage/-/async-storage-1.17.3.tgz#fa7010aa9b6a811ff653df3698a90d3c173dd6a6"
  integrity sha512-2dxdlGwBjBP2qYu6F72U7cRRFshISYiNEWCaQNOJtxUERCMaYRWcniYqhL248KSbGUMpRhFCEtliztsiGoYYMA==
  dependencies:
    merge-options "^3.0.4"

"@react-native-community/checkbox@^0.5.12":
  version "0.5.12"
  resolved "https://registry.yarnpkg.com/@react-native-community/checkbox/-/checkbox-0.5.12.tgz#1f55a38bbcd5f10ca853db0c6a9f1c4beccc37af"
  integrity sha512-Dd3eiAW7AkpRgndwKGdgQ6nNgEmZlVD8+KAOBqwjuZQ/M67BThXJ9Ni+ydpPjNm4e28KXmIILfkvhcDt0ZoFTQ==

"@react-native-community/clipboard@^1.5.1":
  version "1.5.1"
  resolved "https://registry.yarnpkg.com/@react-native-community/clipboard/-/clipboard-1.5.1.tgz#32abb3ea2eb91ee3f9c5fb1d32d5783253c9fabe"
  integrity sha512-AHAmrkLEH5UtPaDiRqoULERHh3oNv7Dgs0bTC0hO5Z2GdNokAMPT5w8ci8aMcRemcwbtdHjxChgtjbeA38GBdA==

"@react-native-community/masked-view@^0.1.11":
  version "0.1.11"
  resolved "https://registry.yarnpkg.com/@react-native-community/masked-view/-/masked-view-0.1.11.tgz#2f4c6e10bee0786abff4604e39a37ded6f3980ce"
  integrity sha512-rQfMIGSR/1r/SyN87+VD8xHHzDYeHaJq6elOSCAD+0iLagXkSI2pfA0LmSXP21uw5i3em7GkkRjfJ8wpqWXZNw==

"@react-navigation/core@^6.2.1":
  version "6.2.1"
  resolved "https://registry.yarnpkg.com/@react-navigation/core/-/core-6.2.1.tgz#90459f9afd25b71a9471b0706ebea2cdd2534fc4"
  integrity sha512-3mjS6ujwGnPA/BC11DN9c2c42gFld6B6dQBgDedxP2djceXESpY2kVTTwISDHuqFnF7WjvRjsrDu3cKBX+JosA==
  dependencies:
    "@react-navigation/routers" "^6.1.0"
    escape-string-regexp "^4.0.0"
    nanoid "^3.1.23"
    query-string "^7.0.0"
    react-is "^16.13.0"

"@react-navigation/elements@^1.3.3":
  version "1.3.3"
  resolved "https://registry.yarnpkg.com/@react-navigation/elements/-/elements-1.3.3.tgz#9f56b650a9a1a8263a271628be7342c8121d1788"
  integrity sha512-Lv2lR7si5gNME8dRsqz57d54m4FJtrwHRjNQLOyQO546ZxO+g864cSvoLC6hQedQU0+IJnPTsZiEI2hHqfpEpw==

"@react-navigation/native@^6.0.10":
  version "6.0.10"
  resolved "https://registry.yarnpkg.com/@react-navigation/native/-/native-6.0.10.tgz#c58aa176eb0e63f3641c83a65c509faf253e4385"
  integrity sha512-H6QhLeiieGxNcAJismIDXIPZgf1myr7Og8v116tezIGmincJTOcWavTd7lPHGnMMXaZg94LlVtbaBRIx9cexqw==
  dependencies:
    "@react-navigation/core" "^6.2.1"
    escape-string-regexp "^4.0.0"
    fast-deep-equal "^3.1.3"
    nanoid "^3.1.23"

"@react-navigation/routers@^6.1.0":
  version "6.1.0"
  resolved "https://registry.yarnpkg.com/@react-navigation/routers/-/routers-6.1.0.tgz#d5682be88f1eb7809527c48f9cd3dedf4f344e40"
  integrity sha512-8xJL+djIzpFdRW/sGlKojQ06fWgFk1c5jER9501HYJ12LF5DIJFr/tqBI2TJ6bk+y+QFu0nbNyeRC80OjRlmkA==
  dependencies:
    nanoid "^3.1.23"

"@react-navigation/stack@^6.2.1":
  version "6.2.1"
  resolved "https://registry.yarnpkg.com/@react-navigation/stack/-/stack-6.2.1.tgz#2b14473579eced6def5cca06860044d60e59d06e"
  integrity sha512-JI7boxtPAMCBXi4VJHVEq61jLVHFW5f3npvbndS+XfOsv7Gf0f91HOVJ28DS5c2Fn4+CO4AByjUozzlN296X+A==
  dependencies:
    "@react-navigation/elements" "^1.3.3"
    color "^3.1.3"
    warn-once "^0.1.0"

"@types/geojson@^7946.0.7":
  version "7946.0.8"
  resolved "https://registry.yarnpkg.com/@types/geojson/-/geojson-7946.0.8.tgz#30744afdb385e2945e22f3b033f897f76b1f12ca"
  integrity sha512-1rkryxURpr6aWP7R786/UQOkJ3PcpQiWkAXBmdWc7ryFWqN6a4xfK7BtjXvFBKO9LjQ+MWQSWxYeZX1OApnArA==

"@types/hammerjs@^2.0.36":
  version "2.0.41"
  resolved "https://registry.yarnpkg.com/@types/hammerjs/-/hammerjs-2.0.41.tgz#f6ecf57d1b12d2befcce00e928a6a097c22980aa"
  integrity sha512-ewXv/ceBaJprikMcxCmWU1FKyMAQ2X7a9Gtmzw8fcg2kIePI1crERDM818W+XYrxqdBBOdlf2rm137bU+BltCA==

"@types/hoist-non-react-statics@^3.3.1":
  version "3.3.1"
  resolved "https://registry.yarnpkg.com/@types/hoist-non-react-statics/-/hoist-non-react-statics-3.3.1.tgz#1124aafe5118cb591977aeb1ceaaed1070eb039f"
  integrity sha512-iMIqiko6ooLrTh1joXodJK5X9xeEALT1kM5G3ZLhD3hszxBdIEd5C75U834D9mLcINgD4OyZf5uQXjkuYydWvA==
  dependencies:
    "@types/react" "*"
    hoist-non-react-statics "^3.3.0"

"@types/invariant@^2.2.35":
  version "2.2.35"
  resolved "https://registry.yarnpkg.com/@types/invariant/-/invariant-2.2.35.tgz#cd3ebf581a6557452735688d8daba6cf0bd5a3be"
  integrity sha512-DxX1V9P8zdJPYQat1gHyY0xj3efl8gnMVjiM9iCY6y27lj+PoQWkgjt8jDqmovPqULkKVpKRg8J36iQiA+EtEg==

"@types/prop-types@*":
  version "15.7.5"
  resolved "https://registry.yarnpkg.com/@types/prop-types/-/prop-types-15.7.5.tgz#5f19d2b85a98e9558036f6a3cacc8819420f05cf"
  integrity sha512-JCB8C6SnDoQf0cNycqd/35A7MjcnK+ZTqE7judS6o7utxUCg6imJg3QK2qzHKszlTjcj2cn+NwMB2i96ubpj7w==

"@types/react-native-vector-icons@^6.4.6":
  version "6.4.10"
  resolved "https://registry.yarnpkg.com/@types/react-native-vector-icons/-/react-native-vector-icons-6.4.10.tgz#9bfd6e64dd37b8119425496b5e53ff91d034efa9"
  integrity sha512-z4sexbuZ7nmYsp7Z9YB5fSQoN3KFn6nZA3QsCkQLOYnVmVlxX4U22v/bM9Xx/6dOA1vClxoRZo2CFDX16uryXQ==
  dependencies:
    "@types/react" "*"
    "@types/react-native" "*"

"@types/react-native@*":
  version "0.67.3"
  resolved "https://registry.yarnpkg.com/@types/react-native/-/react-native-0.67.3.tgz#baba111c8ce1a45a6034c15f6f0ad98826239780"
  integrity sha512-hF4uOZFl2PPQtGWOtLoafrlCJeU815X3PgfVePM+7EhOIZhYXKH7+p3R3cZSnwVnrU5Ep/JfiHimMDliY3o8oQ==
  dependencies:
    "@types/react" "*"

"@types/react@*":
  version "18.0.0"
  resolved "https://registry.yarnpkg.com/@types/react/-/react-18.0.0.tgz#4be8aa3a2d04afc3ac2cc1ca43d39b0bd412890c"
  integrity sha512-7+K7zEQYu7NzOwQGLR91KwWXXDzmTFODRVizJyIALf6RfLv2GDpqpknX64pvRVILXCpXi7O/pua8NGk44dLvJw==
  dependencies:
    "@types/prop-types" "*"
    "@types/scheduler" "*"
    csstype "^3.0.2"

"@types/scheduler@*":
  version "0.16.2"
  resolved "https://registry.yarnpkg.com/@types/scheduler/-/scheduler-0.16.2.tgz#1a62f89525723dde24ba1b01b092bf5df8ad4d39"
  integrity sha512-hppQEBDmlwhFAXKJX2KnWLYu5yMfi91yazPb2l+lbJiwW+wdo1gNeRA+3RgNSO39WYX2euey41KEwnqesU2Jew==

ansi-regex@^5.0.1:
  version "5.0.1"
  resolved "https://registry.yarnpkg.com/ansi-regex/-/ansi-regex-5.0.1.tgz#082cb2c89c9fe8659a311a53bd6a4dc5301db304"
  integrity sha512-quJQXlTSUGL2LH9SUXo8VwsY4soanhgo6LNSm84E1LBcE8s3O0wpdiRzyR9z/ZZJMlMWv37qOOb9pdJlMUEKFQ==

ansi-styles@^4.0.0:
  version "4.3.0"
  resolved "https://registry.yarnpkg.com/ansi-styles/-/ansi-styles-4.3.0.tgz#edd803628ae71c04c85ae7a0906edad34b648937"
  integrity sha512-zbB9rCJAT1rbjiVDb2hqKFHNYLxgtk8NURxZ3IZwD3F6NtxbXZQCnnSi1Lkx+IDohdPlFp222wVALIheZJQSEg==
  dependencies:
    color-convert "^2.0.1"

boolbase@^1.0.0:
  version "1.0.0"
  resolved "https://registry.yarnpkg.com/boolbase/-/boolbase-1.0.0.tgz#68dff5fbe60c51eb37725ea9e3ed310dcc1e776e"
  integrity sha1-aN/1++YMUes3cl6p4+0xDcwed24=

camelcase@^5.0.0:
  version "5.3.1"
  resolved "https://registry.yarnpkg.com/camelcase/-/camelcase-5.3.1.tgz#e3c9b31569e106811df242f715725a1f4c494320"
  integrity sha512-L28STB170nwWS63UjtlEOE3dldQApaJXZkOI1uMFfzf3rRuPegHaHesyee+YxQ+W6SvRDQV6UrdOdRiR153wJg==

cliui@^6.0.0:
  version "6.0.0"
  resolved "https://registry.yarnpkg.com/cliui/-/cliui-6.0.0.tgz#511d702c0c4e41ca156d7d0e96021f23e13225b1"
  integrity sha512-t6wbgtoCXvAzst7QgXxJYqPt0usEfbgQdftEPbLL/cvv6HPE5VgvqCuAIDR0NgU52ds6rFwqrgakNLrHEjCbrQ==
  dependencies:
    string-width "^4.2.0"
    strip-ansi "^6.0.0"
    wrap-ansi "^6.2.0"

cliui@^7.0.2:
  version "7.0.4"
  resolved "https://registry.yarnpkg.com/cliui/-/cliui-7.0.4.tgz#a0265ee655476fc807aea9df3df8df7783808b4f"
  integrity sha512-OcRE68cOsVMXp1Yvonl/fzkQOyjLSu/8bhPDfQt0e0/Eb283TKP20Fs2MqoPsr9SwA595rRCA+QMzYc9nBP+JQ==
  dependencies:
    string-width "^4.2.0"
    strip-ansi "^6.0.0"
    wrap-ansi "^7.0.0"

color-convert@^1.9.3:
  version "1.9.3"
  resolved "https://registry.yarnpkg.com/color-convert/-/color-convert-1.9.3.tgz#bb71850690e1f136567de629d2d5471deda4c1e8"
  integrity sha512-QfAUtd+vFdAtFQcC8CCyYt1fYWxSqAiK2cSD6zDB8N3cpsEBAvRxp9zOGg6G/SHHJYAT88/az/IuDGALsNVbGg==
  dependencies:
    color-name "1.1.3"

color-convert@^2.0.1:
  version "2.0.1"
  resolved "https://registry.yarnpkg.com/color-convert/-/color-convert-2.0.1.tgz#72d3a68d598c9bdb3af2ad1e84f21d896abd4de3"
  integrity sha512-RRECPsj7iu/xb5oKYcsFHSppFNnsj/52OVTRKb4zP5onXwVF3zVmmToNcOfGC+CRDpfK/U584fMg38ZHCaElKQ==
  dependencies:
    color-name "~1.1.4"

color-name@1.1.3:
  version "1.1.3"
  resolved "https://registry.yarnpkg.com/color-name/-/color-name-1.1.3.tgz#a7d0558bd89c42f795dd42328f740831ca53bc25"
  integrity sha1-p9BVi9icQveV3UIyj3QIMcpTvCU=

color-name@^1.0.0, color-name@~1.1.4:
  version "1.1.4"
  resolved "https://registry.yarnpkg.com/color-name/-/color-name-1.1.4.tgz#c2a09a87acbde69543de6f63fa3995c826c536a2"
  integrity sha512-dOy+3AuW3a2wNbZHIuMZpTcgjGuLU/uBL/ubcZF9OXbDo8ff4O8yVp5Bf0efS8uEoYo5q4Fx7dY9OgQGXgAsQA==

color-string@^1.6.0:
  version "1.9.0"
  resolved "https://registry.yarnpkg.com/color-string/-/color-string-1.9.0.tgz#63b6ebd1bec11999d1df3a79a7569451ac2be8aa"
  integrity sha512-9Mrz2AQLefkH1UvASKj6v6hj/7eWgjnT/cVsR8CumieLoT+g900exWeNogqtweI8dxloXN9BDQTYro1oWu/5CQ==
  dependencies:
    color-name "^1.0.0"
    simple-swizzle "^0.2.2"

color@^3.1.2, color@^3.1.3:
  version "3.2.1"
  resolved "https://registry.yarnpkg.com/color/-/color-3.2.1.tgz#3544dc198caf4490c3ecc9a790b54fe9ff45e164"
  integrity sha512-aBl7dZI9ENN6fUGC7mWpMTPNHmWUSNan9tuWN6ahh5ZLNk9baLJOnSMlrQkHcrfFgz2/RigjUVAjdx36VcemKA==
  dependencies:
    color-convert "^1.9.3"
    color-string "^1.6.0"

css-select@^4.2.1:
  version "4.3.0"
  resolved "https://registry.yarnpkg.com/css-select/-/css-select-4.3.0.tgz#db7129b2846662fd8628cfc496abb2b59e41529b"
  integrity sha512-wPpOYtnsVontu2mODhA19JrqWxNsfdatRKd64kmpRbQgh1KtItko5sTnEpPdpSaJszTOhEMlF/RPz28qj4HqhQ==
  dependencies:
    boolbase "^1.0.0"
    css-what "^6.0.1"
    domhandler "^4.3.1"
    domutils "^2.8.0"
    nth-check "^2.0.1"

css-tree@^1.0.0-alpha.39:
  version "1.1.3"
  resolved "https://registry.yarnpkg.com/css-tree/-/css-tree-1.1.3.tgz#eb4870fb6fd7707327ec95c2ff2ab09b5e8db91d"
  integrity sha512-tRpdppF7TRazZrjJ6v3stzv93qxRcSsFmW6cX0Zm2NVKpxE1WV1HblnghVv9TreireHkqI/VDEsfolRF1p6y7Q==
  dependencies:
    mdn-data "2.0.14"
    source-map "^0.6.1"

css-what@^6.0.1:
  version "6.1.0"
  resolved "https://registry.yarnpkg.com/css-what/-/css-what-6.1.0.tgz#fb5effcf76f1ddea2c81bdfaa4de44e79bac70f4"
  integrity sha512-HTUrgRJ7r4dsZKU6GjmpfRK1O76h97Z8MfS1G0FozR+oF2kG6Vfe8JE6zwrkbxigziPHinCJ+gCPjA9EaBDtRw==

csstype@^3.0.2:
  version "3.0.11"
  resolved "https://registry.yarnpkg.com/csstype/-/csstype-3.0.11.tgz#d66700c5eacfac1940deb4e3ee5642792d85cd33"
  integrity sha512-sa6P2wJ+CAbgyy4KFssIb/JNMLxFvKF1pCYCSXS8ZMuqZnMsrxqI2E5sPyoTpxoPU/gVZMzr2zjOfg8GIZOMsw==

dayjs@^1.8.26:
  version "1.11.0"
  resolved "https://registry.yarnpkg.com/dayjs/-/dayjs-1.11.0.tgz#009bf7ef2e2ea2d5db2e6583d2d39a4b5061e805"
  integrity sha512-JLC809s6Y948/FuCZPm5IX8rRhQwOiyMb2TfVVQEixG7P8Lm/gt5S7yoQZmC8x1UehI9Pb7sksEt4xx14m+7Ug==

decamelize@^1.2.0:
  version "1.2.0"
  resolved "https://registry.yarnpkg.com/decamelize/-/decamelize-1.2.0.tgz#f6534d15148269b20352e7bee26f501f9a191290"
  integrity sha1-9lNNFRSCabIDUue+4m9QH5oZEpA=

decode-uri-component@^0.2.0:
  version "0.2.0"
  resolved "https://registry.yarnpkg.com/decode-uri-component/-/decode-uri-component-0.2.0.tgz#eb3913333458775cb84cd1a1fae062106bb87545"
  integrity sha1-6zkTMzRYd1y4TNGh+uBiEGu4dUU=

deepmerge@^3.2.0:
  version "3.3.0"
  resolved "https://registry.yarnpkg.com/deepmerge/-/deepmerge-3.3.0.tgz#d3c47fd6f3a93d517b14426b0628a17b0125f5f7"
  integrity sha512-GRQOafGHwMHpjPx9iCvTgpu9NojZ49q794EEL94JVEw6VaeA8XTUyBKvAkOOjBX9oJNiV6G3P+T+tihFjo2TqA==

deepmerge@^4.2.2:
  version "4.2.2"
  resolved "https://registry.yarnpkg.com/deepmerge/-/deepmerge-4.2.2.tgz#44d2ea3679b8f4d4ffba33f03d865fc1e7bf4955"
  integrity sha512-FJ3UgI4gIl+PHZm53knsuSFpE+nESMr7M4v9QcgB7S63Kj/6WqMiFQJpBBYz1Pt+66bZpP3Q7Lye0Oo9MPKEdg==

dijkstrajs@^1.0.1:
  version "1.0.2"
  resolved "https://registry.yarnpkg.com/dijkstrajs/-/dijkstrajs-1.0.2.tgz#2e48c0d3b825462afe75ab4ad5e829c8ece36257"
  integrity sha512-QV6PMaHTCNmKSeP6QoXhVTw9snc9VD8MulTT0Bd99Pacp4SS1cjcrYPgBPmibqKVtMJJfqC6XvOXgPMEEPH/fg==

dom-serializer@^1.0.1:
  version "1.3.2"
  resolved "https://registry.yarnpkg.com/dom-serializer/-/dom-serializer-1.3.2.tgz#6206437d32ceefaec7161803230c7a20bc1b4d91"
  integrity sha512-5c54Bk5Dw4qAxNOI1pFEizPSjVsx5+bpJKmL2kPn8JhBUq2q09tTCa3mjijun2NfK78NMouDYNMBkOrPZiS+ig==
  dependencies:
    domelementtype "^2.0.1"
    domhandler "^4.2.0"
    entities "^2.0.0"

domelementtype@^2.0.1, domelementtype@^2.2.0:
  version "2.3.0"
  resolved "https://registry.yarnpkg.com/domelementtype/-/domelementtype-2.3.0.tgz#5c45e8e869952626331d7aab326d01daf65d589d"
  integrity sha512-OLETBj6w0OsagBwdXnPdN0cnMfF9opN69co+7ZrbfPGrdpPVNBUj02spi6B1N7wChLQiPn4CSH/zJvXw56gmHw==

domhandler@^4.2.0, domhandler@^4.3.1:
  version "4.3.1"
  resolved "https://registry.yarnpkg.com/domhandler/-/domhandler-4.3.1.tgz#8d792033416f59d68bc03a5aa7b018c1ca89279c"
  integrity sha512-GrwoxYN+uWlzO8uhUXRl0P+kHE4GtVPfYzVLcUxPL7KNdHKj66vvlhiweIHqYYXWlw+T8iLMp42Lm67ghw4WMQ==
  dependencies:
    domelementtype "^2.2.0"

domutils@^2.8.0:
  version "2.8.0"
  resolved "https://registry.yarnpkg.com/domutils/-/domutils-2.8.0.tgz#4437def5db6e2d1f5d6ee859bd95ca7d02048135"
  integrity sha512-w96Cjofp72M5IIhpjgobBimYEfoPjx1Vx0BSX9P30WBdZW2WIKU0T1Bd0kz2eNZ9ikjKgHbEyKx8BB6H1L3h3A==
  dependencies:
    dom-serializer "^1.0.1"
    domelementtype "^2.2.0"
    domhandler "^4.2.0"

emoji-regex@^8.0.0:
  version "8.0.0"
  resolved "https://registry.yarnpkg.com/emoji-regex/-/emoji-regex-8.0.0.tgz#e818fd69ce5ccfcb404594f842963bf53164cc37"
  integrity sha512-MSjYzcWNOA0ewAHpz0MxpYFvwg6yjy1NG3xteoqz644VCo/RPgnr1/GGt+ic3iJTzQ8Eu3TdM14SawnVUmGE6A==

encode-utf8@^1.0.3:
  version "1.0.3"
  resolved "https://registry.yarnpkg.com/encode-utf8/-/encode-utf8-1.0.3.tgz#f30fdd31da07fb596f281beb2f6b027851994cda"
  integrity sha512-ucAnuBEhUK4boH2HjVYG5Q2mQyPorvv0u/ocS+zhdw0S8AlHYY+GOFhP1Gio5z4icpP2ivFSvhtFjQi8+T9ppw==

entities@^2.0.0:
  version "2.2.0"
  resolved "https://registry.yarnpkg.com/entities/-/entities-2.2.0.tgz#098dc90ebb83d8dffa089d55256b351d34c4da55"
  integrity sha512-p92if5Nz619I0w+akJrLZH0MX0Pb5DX39XOwQTtXSdQQOaYH03S1uIQp4mhOZtAXrxq4ViO67YTiLBo2638o9A==

escalade@^3.1.1:
  version "3.1.1"
  resolved "https://registry.yarnpkg.com/escalade/-/escalade-3.1.1.tgz#d8cfdc7000965c5a0174b4a82eaa5c0552742e40"
  integrity sha512-k0er2gUkLf8O0zKJiAhmkTnJlTvINGv7ygDNPbeIsX/TJjGJZHuh9B2UxbsaEkmlEo9MfhrSzmhIlhRlI2GXnw==

escape-string-regexp@^4.0.0:
  version "4.0.0"
  resolved "https://registry.yarnpkg.com/escape-string-regexp/-/escape-string-regexp-4.0.0.tgz#14ba83a5d373e3d311e5afca29cf5bfad965bf34"
  integrity sha512-TtpcNJ3XAzx3Gq8sWRzJaVajRs0uVxA2YAkdb1jm2YkPz4G6egUFAyA3n5vtEIZefPk5Wa4UXbKuS5fKkJWdgA==

fast-deep-equal@^3.1.3:
  version "3.1.3"
  resolved "https://registry.yarnpkg.com/fast-deep-equal/-/fast-deep-equal-3.1.3.tgz#3a7d56b559d6cbc3eb512325244e619a65c6c525"
  integrity sha512-f3qQ9oQy9j2AhBe/H9VC91wLmKBCCU/gDOnKNAYG5hswO7BLKj09Hc5HYNz9cGI++xlpDCIgDaitVs03ATR84Q==

filter-obj@^1.1.0:
  version "1.1.0"
  resolved "https://registry.yarnpkg.com/filter-obj/-/filter-obj-1.1.0.tgz#9b311112bc6c6127a16e016c6c5d7f19e0805c5b"
  integrity sha1-mzERErxsYSehbgFsbF1/GeCAXFs=

find-up@^4.1.0:
  version "4.1.0"
  resolved "https://registry.yarnpkg.com/find-up/-/find-up-4.1.0.tgz#97afe7d6cdc0bc5928584b7c8d7b16e8a9aa5d19"
  integrity sha512-PpOwAdQ/YlXQ2vj8a3h8IipDuYRi3wceVQQGYWxNINccq40Anw7BlsEXCMbt1Zt+OLA6Fq9suIpIWD0OsnISlw==
  dependencies:
    locate-path "^5.0.0"
    path-exists "^4.0.0"

get-caller-file@^2.0.1, get-caller-file@^2.0.5:
  version "2.0.5"
  resolved "https://registry.yarnpkg.com/get-caller-file/-/get-caller-file-2.0.5.tgz#4f94412a82db32f36e3b0b9741f8a97feb031f7e"
  integrity sha512-DyFP3BM/3YHTQOCUL/w0OZHR0lpKeGrxotcHWcqNEdnltqFwXVfhEBQ94eIo34AfQpo0rGki4cyIiftY06h2Fg==

hoist-non-react-statics@^3.3.0, hoist-non-react-statics@^3.3.2:
  version "3.3.2"
  resolved "https://registry.yarnpkg.com/hoist-non-react-statics/-/hoist-non-react-statics-3.3.2.tgz#ece0acaf71d62c2969c2ec59feff42a4b1a85b45"
  integrity sha512-/gGivxi8JPKWNm/W0jSmzcMPpfpPLc3dY/6GxhX2hQ9iGj3aDfklV4ET7NjKpSinLpJ5vafa9iiGIEZg10SfBw==
  dependencies:
    react-is "^16.7.0"

invariant@^2.2.4:
  version "2.2.4"
  resolved "https://registry.yarnpkg.com/invariant/-/invariant-2.2.4.tgz#610f3c92c9359ce1db616e538008d23ff35158e6"
  integrity sha512-phJfQVBuaJM5raOpJjSfkiD6BpbCE4Ns//LaXl6wGYtUBY83nWS6Rf9tXm2e8VaK60JEjYldbPif/A2B1C2gNA==
  dependencies:
    loose-envify "^1.0.0"

is-arrayish@^0.3.1:
  version "0.3.2"
  resolved "https://registry.yarnpkg.com/is-arrayish/-/is-arrayish-0.3.2.tgz#4574a2ae56f7ab206896fb431eaeed066fdf8f03"
  integrity sha512-eVRqCvVlZbuw3GrM63ovNSNAeA1K16kaR/LRY/92w0zxQ5/1YzwblUX652i4Xs9RwAGjW9d9y6X88t8OaAJfWQ==

is-fullwidth-code-point@^3.0.0:
  version "3.0.0"
  resolved "https://registry.yarnpkg.com/is-fullwidth-code-point/-/is-fullwidth-code-point-3.0.0.tgz#f116f8064fe90b3f7844a38997c0b75051269f1d"
  integrity sha512-zymm5+u+sCsSWyD9qNaejV3DFvhCKclKdizYaJUuHA83RLjb7nSuGnddCHGv0hk+KY7BMAlsWeK4Ueg6EV6XQg==

is-plain-obj@^2.1.0:
  version "2.1.0"
  resolved "https://registry.yarnpkg.com/is-plain-obj/-/is-plain-obj-2.1.0.tgz#45e42e37fccf1f40da8e5f76ee21515840c09287"
  integrity sha512-YWnfyRwxL/+SsrWYfOpUtz5b3YD+nyfkHvjbcanzk8zgyO4ASD67uVMRt8k5bM4lLMDnXfriRhOpemw+NfT1eA==

"js-tokens@^3.0.0 || ^4.0.0":
  version "4.0.0"
  resolved "https://registry.yarnpkg.com/js-tokens/-/js-tokens-4.0.0.tgz#19203fb59991df98e3a287050d4647cdeaf32499"
  integrity sha512-RdJUflcE3cUzKiMqQgsCu06FPu9UdIJO0beYbPhHN4k6apgJtifcoCtT9bcxOpYBtpD2kCM6Sbzg4CausW/PKQ==

locate-path@^5.0.0:
  version "5.0.0"
  resolved "https://registry.yarnpkg.com/locate-path/-/locate-path-5.0.0.tgz#1afba396afd676a6d42504d0a67a3a7eb9f62aa0"
  integrity sha512-t7hw9pI+WvuwNJXwk5zVHpyhIqzg2qTlklJOf0mVxGSbe3Fp2VieZcduNYjaLDoy6p9uGpQEGWG87WpMKlNq8g==
  dependencies:
    p-locate "^4.1.0"

lodash.isequal@^4.5.0:
  version "4.5.0"
  resolved "https://registry.yarnpkg.com/lodash.isequal/-/lodash.isequal-4.5.0.tgz#415c4478f2bcc30120c22ce10ed3226f7d3e18e0"
  integrity sha1-QVxEePK8wwEgwizhDtMib30+GOA=

lodash@^4.14.2, lodash@^4.17.15, lodash@^4.17.21:
  version "4.17.21"
  resolved "https://registry.yarnpkg.com/lodash/-/lodash-4.17.21.tgz#679591c564c3bffaae8454cf0b3df370c3d6911c"
  integrity sha512-v2kDEe57lecTulaDIuNTPy3Ry4gLGJ6Z1O3vE1krgXZNrsQ+LFTGHVxVjcXPs17LhbZVGedAJv8XZ1tvj5FvSg==

loose-envify@^1.0.0, loose-envify@^1.4.0:
  version "1.4.0"
  resolved "https://registry.yarnpkg.com/loose-envify/-/loose-envify-1.4.0.tgz#71ee51fa7be4caec1a63839f7e682d8132d30caf"
  integrity sha512-lyuxPGr/Wfhrlem2CL/UcnUc1zcqKAImBDzukY7Y5F/yQiNdko6+fRLevlw1HgMySw7f611UIY408EtxRSoK3Q==
  dependencies:
    js-tokens "^3.0.0 || ^4.0.0"

mdn-data@2.0.14:
  version "2.0.14"
  resolved "https://registry.yarnpkg.com/mdn-data/-/mdn-data-2.0.14.tgz#7113fc4281917d63ce29b43446f701e68c25ba50"
  integrity sha512-dn6wd0uw5GsdswPFfsgMp5NSB0/aDe6fK94YJV/AJDYXL6HVLWBsxeq7js7Ad+mU2K9LAlwpk6kN2D5mwCPVow==

merge-options@^3.0.4:
  version "3.0.4"
  resolved "https://registry.yarnpkg.com/merge-options/-/merge-options-3.0.4.tgz#84709c2aa2a4b24c1981f66c179fe5565cc6dbb7"
  integrity sha512-2Sug1+knBjkaMsMgf1ctR1Ujx+Ayku4EdJN4Z+C2+JzoeF7A3OZ9KM2GY0CpQS51NR61LTurMJrRKPhSs3ZRTQ==
  dependencies:
    is-plain-obj "^2.1.0"

nanoid@^3.1.23:
  version "3.3.2"
  resolved "https://registry.yarnpkg.com/nanoid/-/nanoid-3.3.2.tgz#c89622fafb4381cd221421c69ec58547a1eec557"
  integrity sha512-CuHBogktKwpm5g2sRgv83jEy2ijFzBwMoYA60orPDR7ynsLijJDqgsi4RDGj3OJpy3Ieb+LYwiRmIOGyytgITA==

nth-check@^2.0.1:
  version "2.0.1"
  resolved "https://registry.yarnpkg.com/nth-check/-/nth-check-2.0.1.tgz#2efe162f5c3da06a28959fbd3db75dbeea9f0fc2"
  integrity sha512-it1vE95zF6dTT9lBsYbxvqh0Soy4SPowchj0UBGj/V6cTPnXXtQOPUbhZ6CmGzAD/rW22LQK6E96pcdJXk4A4w==
  dependencies:
    boolbase "^1.0.0"

object-assign@^4.1.1:
  version "4.1.1"
  resolved "https://registry.yarnpkg.com/object-assign/-/object-assign-4.1.1.tgz#2109adc7965887cfc05cbbd442cac8bfbb360863"
  integrity sha1-IQmtx5ZYh8/AXLvUQsrIv7s2CGM=

opencollective-postinstall@^2.0.3:
  version "2.0.3"
  resolved "https://registry.yarnpkg.com/opencollective-postinstall/-/opencollective-postinstall-2.0.3.tgz#7a0fff978f6dbfa4d006238fbac98ed4198c3259"
  integrity sha512-8AV/sCtuzUeTo8gQK5qDZzARrulB3egtLzFgteqB2tcT4Mw7B8Kt7JcDHmltjz6FOAHsvTevk70gZEbhM4ZS9Q==

p-limit@^2.2.0:
  version "2.3.0"
  resolved "https://registry.yarnpkg.com/p-limit/-/p-limit-2.3.0.tgz#3dd33c647a214fdfffd835933eb086da0dc21db1"
  integrity sha512-//88mFWSJx8lxCzwdAABTJL2MyWB12+eIY7MDL2SqLmAkeKU9qxRvWuSyTjm3FUmpBEMuFfckAIqEaVGUDxb6w==
  dependencies:
    p-try "^2.0.0"

p-locate@^4.1.0:
  version "4.1.0"
  resolved "https://registry.yarnpkg.com/p-locate/-/p-locate-4.1.0.tgz#a3428bb7088b3a60292f66919278b7c297ad4f07"
  integrity sha512-R79ZZ/0wAxKGu3oYMlz8jy/kbhsNrS7SKZ7PxEHBgJ5+F2mtFW2fK2cOtBh1cHYkQsbzFV7I+EoRKe6Yt0oK7A==
  dependencies:
    p-limit "^2.2.0"

p-try@^2.0.0:
  version "2.2.0"
  resolved "https://registry.yarnpkg.com/p-try/-/p-try-2.2.0.tgz#cb2868540e313d61de58fafbe35ce9004d5540e6"
  integrity sha512-R4nPAVTAU0B9D35/Gk3uJf/7XYbQcyohSKdvAxIRSNghFl4e71hVoGnBNQz9cWaXxO2I10KTC+3jMdvvoKw6dQ==

path-exists@^4.0.0:
  version "4.0.0"
  resolved "https://registry.yarnpkg.com/path-exists/-/path-exists-4.0.0.tgz#513bdbe2d3b95d7762e8c1137efa195c6c61b5b3"
  integrity sha512-ak9Qy5Q7jYb2Wwcey5Fpvg2KoAc/ZIhLSLOSBmRmygPsGwkVVt0fZa0qrtMz+m6tJTAHfZQ8FnmB4MG4LWy7/w==

pngjs@^5.0.0:
  version "5.0.0"
  resolved "https://registry.yarnpkg.com/pngjs/-/pngjs-5.0.0.tgz#e79dd2b215767fd9c04561c01236df960bce7fbb"
  integrity sha512-40QW5YalBNfQo5yRYmiw7Yz6TKKVr3h6970B2YE+3fQpsWcrbj1PzJgxeJ19DRQjhMbKPIuMY8rFaXc8moolVw==

prop-types@^15.5.10, prop-types@^15.7.2, prop-types@^15.7.x:
  version "15.8.1"
  resolved "https://registry.yarnpkg.com/prop-types/-/prop-types-15.8.1.tgz#67d87bf1a694f48435cf332c24af10214a3140b5"
  integrity sha512-oj87CgZICdulUohogVAR7AjlC0327U4el4L6eAvOqCeudMDVU0NThNaV+b9Df4dXgSP1gXMTnPdhfe/2qDH5cg==
  dependencies:
    loose-envify "^1.4.0"
    object-assign "^4.1.1"
    react-is "^16.13.1"

qrcode@^1.5.0:
  version "1.5.0"
  resolved "https://registry.yarnpkg.com/qrcode/-/qrcode-1.5.0.tgz#95abb8a91fdafd86f8190f2836abbfc500c72d1b"
  integrity sha512-9MgRpgVc+/+47dFvQeD6U2s0Z92EsKzcHogtum4QB+UNd025WOJSHvn/hjk9xmzj7Stj95CyUAs31mrjxliEsQ==
  dependencies:
    dijkstrajs "^1.0.1"
    encode-utf8 "^1.0.3"
    pngjs "^5.0.0"
    yargs "^15.3.1"

query-string@^7.0.0:
  version "7.1.1"
  resolved "https://registry.yarnpkg.com/query-string/-/query-string-7.1.1.tgz#754620669db978625a90f635f12617c271a088e1"
  integrity sha512-MplouLRDHBZSG9z7fpuAAcI7aAYjDLhtsiVZsevsfaHWDS2IDdORKbSd1kWUA+V4zyva/HZoSfpwnYMMQDhb0w==
  dependencies:
    decode-uri-component "^0.2.0"
    filter-obj "^1.1.0"
    split-on-first "^1.0.0"
    strict-uri-encode "^2.0.0"

react-freeze@^1.0.0:
  version "1.0.0"
  resolved "https://registry.yarnpkg.com/react-freeze/-/react-freeze-1.0.0.tgz#b21c65fe1783743007c8c9a2952b1c8879a77354"
  integrity sha512-yQaiOqDmoKqks56LN9MTgY06O0qQHgV4FUrikH357DydArSZHQhl0BJFqGKIZoTqi8JizF9Dxhuk1FIZD6qCaw==

react-is@^16.13.0, react-is@^16.13.1, react-is@^16.7.0:
  version "16.13.1"
  resolved "https://registry.yarnpkg.com/react-is/-/react-is-16.13.1.tgz#789729a4dc36de2999dc156dd6c1d9c18cea56a4"
  integrity sha512-24e6ynE2H+OKt4kqsOvNd8kBpV65zoxbA4BVsEOB3ARVWQki/DHzaUoC5KuON/BiccDaCCTZBuOcfZs70kR8bQ==

react-native-algo@^0.1.7:
  version "0.1.7"
  resolved "https://registry.yarnpkg.com/react-native-algo/-/react-native-algo-0.1.7.tgz#9afb03ed81259f3ab565869eb1c84393c9349fb4"
  integrity sha512-Xi6R8j7hI4ueQF42i1dn/fZu0hb6nxQcAVep3LkaFbo9n6X3sQZg3WLEbqNSbre7yaf7c6QL16GXkf93MSxHbQ==

react-native-camera-kit@^12.1.0:
  version "12.1.0"
  resolved "https://registry.yarnpkg.com/react-native-camera-kit/-/react-native-camera-kit-12.1.0.tgz#71149bb11be393ee4af8c6a600c4c4fdf33f83a1"
  integrity sha512-iysY3YN8i1BWE7qRiLVgjanrGPtVUsczYDY89yqHbZHKWt2iZ5AiVyijTkHTmKXiK+GpclTvYnA415RgO06C3g==
  dependencies:
    lodash "^4.14.2"

react-native-communications@^2.2.1:
  version "2.2.1"
  resolved "https://registry.yarnpkg.com/react-native-communications/-/react-native-communications-2.2.1.tgz#7883b56b20a002eeb790c113f8616ea8692ca795"
  integrity sha1-eIO1ayCgAu63kMET+GFuqGksp5U=

react-native-dropdown-picker@^5.4.0:
  version "5.4.0"
  resolved "https://registry.yarnpkg.com/react-native-dropdown-picker/-/react-native-dropdown-picker-5.4.0.tgz#8f5b16c44edf0e9aba152025c9c43683a0dbb32b"
  integrity sha512-O5jlHb9+MRurVXNL3IrNK4f2HGODxYRoE1n+7MMA0NvrO0Mz7ICwrWZWC3qfbopTBy0ERjIWf+BRQiS2vFnaRQ==

react-native-elements@^3.4.2:
  version "3.4.2"
  resolved "https://registry.yarnpkg.com/react-native-elements/-/react-native-elements-3.4.2.tgz#66602be9c5e0e0a2a831913adec80ff6518d1ee2"
  integrity sha512-m0eAWOn7JuR1wNTNY0WHuaqst4LI/gFE4N5Bbyfsc4DiryWsMST7aAg5w/Gos4IexWIzhLKCIkPxthND1m/8Xg==
  dependencies:
    "@types/react-native-vector-icons" "^6.4.6"
    color "^3.1.2"
    deepmerge "^4.2.2"
    hoist-non-react-statics "^3.3.2"
    lodash.isequal "^4.5.0"
    opencollective-postinstall "^2.0.3"
    react-native-ratings "8.0.4"
    react-native-size-matters "^0.3.1"

react-native-geolocation-service@^5.3.0-beta.4:
  version "5.3.0-beta.4"
  resolved "https://registry.yarnpkg.com/react-native-geolocation-service/-/react-native-geolocation-service-5.3.0-beta.4.tgz#8061396f734028b0ecbf8316a2cda9179df19210"
  integrity sha512-8Z/FP1ls02fnvqXCII+dDS329lP3UigNR4eIHUjPQdHu/DRGMRCpJJuj05hcq37UJL/zVVsXnPFdLA9lCOWYCQ==

react-native-gesture-handler@^2.3.2:
  version "2.3.2"
  resolved "https://registry.yarnpkg.com/react-native-gesture-handler/-/react-native-gesture-handler-2.3.2.tgz#65ce3b145bd96242c2200abbb9730c94bc73386c"
  integrity sha512-ibcYWHMiDbioUcaAMuw3/Taz3mYn0fJz0q2KnGX1hWpLNz/x/E5/BzKB+T3ycwAm1dQEgPgHWpaZ8eqO/EVFlw==
  dependencies:
    "@egjs/hammerjs" "^2.0.17"
    hoist-non-react-statics "^3.3.0"
    invariant "^2.2.4"
    lodash "^4.17.21"
    prop-types "^15.7.2"

react-native-gifted-chat@^0.16.3:
  version "0.16.3"
  resolved "https://registry.yarnpkg.com/react-native-gifted-chat/-/react-native-gifted-chat-0.16.3.tgz#eea98290bfcf72b36d2aaf002edddd90353aa6ec"
  integrity sha512-7EJKQPzzg1yIbLFNq9n5bGJWZ7Woi2bTeT7M4EVSChmFF/qyNos+gFxEcafPkEihEeIxeOne6hBQlYNKmDABgA==
  dependencies:
    "@expo/react-native-action-sheet" "^3.6.0"
    dayjs "^1.8.26"
    prop-types "^15.7.2"
    react-native-communications "^2.2.1"
    react-native-iphone-x-helper "^1.2.1"
    react-native-lightbox "^0.8.1"
    react-native-parsed-text "0.0.22"
    react-native-typing-animation "^0.1.7"
    uuid "3.4.0"

react-native-iphone-x-helper@^1.2.1, react-native-iphone-x-helper@^1.3.1:
  version "1.3.1"
  resolved "https://registry.yarnpkg.com/react-native-iphone-x-helper/-/react-native-iphone-x-helper-1.3.1.tgz#20c603e9a0e765fd6f97396638bdeb0e5a60b010"
  integrity sha512-HOf0jzRnq2/aFUcdCJ9w9JGzN3gdEg0zFE4FyYlp4jtidqU03D5X7ZegGKfT1EWteR0gPBGp9ye5T5FvSWi9Yg==

react-native-lightbox@^0.8.1:
  version "0.8.1"
  resolved "https://registry.yarnpkg.com/react-native-lightbox/-/react-native-lightbox-0.8.1.tgz#4e561ec46e61617a0f3f12c88ec2695360998878"
  integrity sha512-TFZA6iKEEHpAUIXjMTRb6vx0/9rHgEKy3ZBiRAy295PwldYg5c8opwnbyURLIl522ykeqhVx9uGdXjSMIowLvA==
  dependencies:
    prop-types "^15.7.2"

react-native-maps@^0.30.1:
  version "0.30.1"
  resolved "https://registry.yarnpkg.com/react-native-maps/-/react-native-maps-0.30.1.tgz#b227f3cbf68947bbd22fcf2b7470a7ab3a4f3fbb"
  integrity sha512-VDgGygFcXwKLFNmdGb5DVy3DJhjP3qCe3txzDfeO6kQyNELj875ZbZMTYW84XsLUBFNpAWXKffWvMKHMQKv2Gg==
  dependencies:
    "@types/geojson" "^7946.0.7"

react-native-mmkv@^2.3.1:
  version "2.3.1"
  resolved "https://registry.yarnpkg.com/react-native-mmkv/-/react-native-mmkv-2.3.1.tgz#96165962cc5cab2dd8f09356ce9e898a59a937fe"
  integrity sha512-Fyk5Y25QYD97/HnUMRrFWQrEJd8n9gflNvct5Idy4GrvWl01xrRslpOr3vc3BDDE/CRD3MEB3S+HabUcBWzgSw==

react-native-paper@^4.12.0:
  version "4.12.0"
  resolved "https://registry.yarnpkg.com/react-native-paper/-/react-native-paper-4.12.0.tgz#3af540be34d9312b341f1eb50c0220720190fe39"
  integrity sha512-4g9bbxbxTkylcriYy8W+EgXo71mrZHhIm044G+4LTp0JaOEWjGJm571OwV5pPAMwN1N8xUs24ymvHfpOjqHpaw==
  dependencies:
    "@callstack/react-theme-provider" "^3.0.7"
    color "^3.1.2"
    react-native-iphone-x-helper "^1.3.1"

react-native-parsed-text@0.0.22:
  version "0.0.22"
  resolved "https://registry.yarnpkg.com/react-native-parsed-text/-/react-native-parsed-text-0.0.22.tgz#a23c756eaa5d6724296814755085127f9072e5f5"
  integrity sha512-hfD83RDXZf9Fvth3DowR7j65fMnlqM9PpxZBGWkzVcUTFtqe6/yPcIoIAgrJbKn6YmtzkivmhWE2MCE4JKBXrQ==
  dependencies:
    prop-types "^15.7.x"

react-native-permissions@^2.0.2:
  version "2.2.2"
  resolved "https://registry.yarnpkg.com/react-native-permissions/-/react-native-permissions-2.2.2.tgz#3d2a63f6b7d6be52fc86e30f77412a9566283028"
  integrity sha512-ihf4shQDSX5Oo9ChQXb9kr13mmyyNem5MaEvOpr3dCjhBOBWyEMztXm9/uPK1Qg5PsNpaYLa1KpcPZDCw87LXg==

react-native-permissions@^3.3.1:
  version "3.3.1"
  resolved "https://registry.yarnpkg.com/react-native-permissions/-/react-native-permissions-3.3.1.tgz#8a359d9c0531afcde2f642a459b48c4c1e3e8f2d"
  integrity sha512-Ap9nVWBWJ7lyU6Ye3Qltm2V+Ut6XjDcs+6ZBmK1UUxcCoSSGx/mQg2GbMJLjlnoVtUgVHR3IhyZ0mN9DlMPRFQ==

react-native-qrcode-scanner@^1.5.5:
  version "1.5.5"
  resolved "https://registry.yarnpkg.com/react-native-qrcode-scanner/-/react-native-qrcode-scanner-1.5.5.tgz#0d20101712715da108742a2bbbd0397569031b01"
  integrity sha512-il79uStkFqUvofqXJQfOL30qgQyU17MUKxj7IGHv6oT2OxIY/vutTwuPPDbsivtv0yTMHP4dGx/79oys4eAuNw==
  dependencies:
    "@react-native-async-storage/async-storage" "^1.13.4"
    prop-types "^15.5.10"
    react-native-permissions "^2.0.2"

react-native-qrcode-svg@^6.1.2:
  version "6.1.2"
  resolved "https://registry.yarnpkg.com/react-native-qrcode-svg/-/react-native-qrcode-svg-6.1.2.tgz#a7cb6c10199ab01418a7f7700ce17a6a014f544e"
  integrity sha512-lMbbxoPVybXCp9SYm73Aj/0iZ9OlSZl2u+zpdbjgC4DYHBm9m9tDQxISNg1OPeR7AAzmyx8IV4JTFmk8G5R22g==
  dependencies:
    prop-types "^15.7.2"
    qrcode "^1.5.0"

react-native-ratings@8.0.4:
  version "8.0.4"
  resolved "https://registry.yarnpkg.com/react-native-ratings/-/react-native-ratings-8.0.4.tgz#efd5ebad8acc08bf98d34d39b18fb7a6813ef991"
  integrity sha512-Xczu5lskIIRD6BEdz9A0jDRpEck/SFxRqiglkXi0u67yAtI1/pcJC76P4MukCbT8K4BPVl+42w83YqXBoBRl7A==
  dependencies:
    lodash "^4.17.15"

react-native-reanimated@^2.6.0:
  version "2.6.0"
  resolved "https://registry.yarnpkg.com/react-native-reanimated/-/react-native-reanimated-2.6.0.tgz#500497339bec2d18fd4979dc07c831997c9aee82"
  integrity sha512-TG7u0d1iTx6BRQXhUp9DKEW/9K6169qiX9vweC+qOcVffGSZvjDZ+OyyI0faXIDvcf5LRHAud3mNtO3ANaHRhQ==
  dependencies:
    "@babel/plugin-transform-object-assign" "^7.16.7"
    "@types/invariant" "^2.2.35"
    invariant "^2.2.4"
    lodash.isequal "^4.5.0"
    react-native-screens "^3.11.1"
    setimmediate "^1.0.5"
    string-hash-64 "^1.0.3"

react-native-safe-area-context@^4.2.4:
  version "4.2.4"
  resolved "https://registry.yarnpkg.com/react-native-safe-area-context/-/react-native-safe-area-context-4.2.4.tgz#4df42819759c4d3c74252c8678c2772cfa2271a6"
  integrity sha512-OOX+W2G4YYufvryonn6Kw6YnyT8ZThkxPHZBD04NLHaZmicUaaDVII/PZ3M5fD1o5N62+T+8K4bCS5Un2ggvkA==

react-native-screens@^3.11.1, react-native-screens@^3.13.1:
  version "3.13.1"
  resolved "https://registry.yarnpkg.com/react-native-screens/-/react-native-screens-3.13.1.tgz#b3b1c5788dca25a71668909f66d87fb35c5c5241"
  integrity sha512-xcrnuUs0qUrGpc2gOTDY4VgHHADQwp80mwR1prU/Q0JqbZN5W3koLhuOsT6FkSRKjR5t40l+4LcjhHdpqRB2HA==
  dependencies:
    react-freeze "^1.0.0"
    warn-once "^0.1.0"

react-native-size-matters@^0.3.1:
  version "0.3.1"
  resolved "https://registry.yarnpkg.com/react-native-size-matters/-/react-native-size-matters-0.3.1.tgz#24d0cfc335a2c730f6d58bd7b43ea5a41be4b49f"
  integrity sha512-mKOfBLIBFBcs9br1rlZDvxD5+mAl8Gfr5CounwJtxI6Z82rGrMO+Kgl9EIg3RMVf3G855a85YVqHJL2f5EDRlw==

react-native-svg@^12.3.0:
  version "12.3.0"
  resolved "https://registry.yarnpkg.com/react-native-svg/-/react-native-svg-12.3.0.tgz#40f657c5d1ee366df23f3ec8dae76fd276b86248"
  integrity sha512-ESG1g1j7/WLD7X3XRFTQHVv0r6DpbHNNcdusngAODIxG88wpTWUZkhcM3A2HJTb+BbXTFDamHv7FwtRKWQ/ALg==
  dependencies:
    css-select "^4.2.1"
    css-tree "^1.0.0-alpha.39"

react-native-typing-animation@^0.1.7:
  version "0.1.7"
  resolved "https://registry.yarnpkg.com/react-native-typing-animation/-/react-native-typing-animation-0.1.7.tgz#8f2cf08d9400ae543a110292eb7d71523dda5528"
  integrity sha512-4H3rF9M+I2yAZpYJcY0Mb29TXkn98QK12rrKSY6LZj1BQD9NNmRZuNXzwX4XHapsIz+N/J8M3p27FOQPbfzqeg==

react-native-vector-icons@^9.1.0:
  version "9.1.0"
  resolved "https://registry.yarnpkg.com/react-native-vector-icons/-/react-native-vector-icons-9.1.0.tgz#52eaa205f5954d567b7048eb93d58ac854a2c59e"
  integrity sha512-2AHZ/h9d/+rC0odz+OwbGNlc1Lik/pHhSixn4HfC8RtQ8CxfSBZ6gg7bTLcZhdSvZN+ZEGi30Fj+ZnOSQy+smg==
  dependencies:
    prop-types "^15.7.2"
    yargs "^16.1.1"

require-directory@^2.1.1:
  version "2.1.1"
  resolved "https://registry.yarnpkg.com/require-directory/-/require-directory-2.1.1.tgz#8c64ad5fd30dab1c976e2344ffe7f792a6a6df42"
  integrity sha1-jGStX9MNqxyXbiNE/+f3kqam30I=

require-main-filename@^2.0.0:
  version "2.0.0"
  resolved "https://registry.yarnpkg.com/require-main-filename/-/require-main-filename-2.0.0.tgz#d0b329ecc7cc0f61649f62215be69af54aa8989b"
  integrity sha512-NKN5kMDylKuldxYLSUfrbo5Tuzh4hd+2E8NPPX02mZtn1VuREQToYe/ZdlJy+J3uCpfaiGF05e7B8W0iXbQHmg==

set-blocking@^2.0.0:
  version "2.0.0"
  resolved "https://registry.yarnpkg.com/set-blocking/-/set-blocking-2.0.0.tgz#045f9782d011ae9a6803ddd382b24392b3d890f7"
  integrity sha1-BF+XgtARrppoA93TgrJDkrPYkPc=

setimmediate@^1.0.5:
  version "1.0.5"
  resolved "https://registry.yarnpkg.com/setimmediate/-/setimmediate-1.0.5.tgz#290cbb232e306942d7d7ea9b83732ab7856f8285"
  integrity sha1-KQy7Iy4waULX1+qbg3Mqt4VvgoU=

simple-swizzle@^0.2.2:
  version "0.2.2"
  resolved "https://registry.yarnpkg.com/simple-swizzle/-/simple-swizzle-0.2.2.tgz#a4da6b635ffcccca33f70d17cb92592de95e557a"
  integrity sha1-pNprY1/8zMoz9w0Xy5JZLeleVXo=
  dependencies:
    is-arrayish "^0.3.1"

source-map@^0.6.1:
  version "0.6.1"
  resolved "https://registry.yarnpkg.com/source-map/-/source-map-0.6.1.tgz#74722af32e9614e9c287a8d0bbde48b5e2f1a263"
  integrity sha512-UjgapumWlbMhkBgzT7Ykc5YXUT46F0iKu8SGXq0bcwP5dz/h0Plj6enJqjz1Zbq2l5WaqYnrVbwWOWMyF3F47g==

split-on-first@^1.0.0:
  version "1.1.0"
  resolved "https://registry.yarnpkg.com/split-on-first/-/split-on-first-1.1.0.tgz#f610afeee3b12bce1d0c30425e76398b78249a5f"
  integrity sha512-43ZssAJaMusuKWL8sKUBQXHWOpq8d6CfN/u1p4gUzfJkM05C8rxTmYrkIPTXapZpORA6LkkzcUulJ8FqA7Uudw==

strict-uri-encode@^2.0.0:
  version "2.0.0"
  resolved "https://registry.yarnpkg.com/strict-uri-encode/-/strict-uri-encode-2.0.0.tgz#b9c7330c7042862f6b142dc274bbcc5866ce3546"
  integrity sha1-ucczDHBChi9rFC3CdLvMWGbONUY=

string-hash-64@^1.0.3:
  version "1.0.3"
  resolved "https://registry.yarnpkg.com/string-hash-64/-/string-hash-64-1.0.3.tgz#0deb56df58678640db5c479ccbbb597aaa0de322"
  integrity sha512-D5OKWKvDhyVWWn2x5Y9b+37NUllks34q1dCDhk/vYcso9fmhs+Tl3KR/gE4v5UNj2UA35cnX4KdVVGkG1deKqw==

string-width@^4.1.0, string-width@^4.2.0:
  version "4.2.3"
  resolved "https://registry.yarnpkg.com/string-width/-/string-width-4.2.3.tgz#269c7117d27b05ad2e536830a8ec895ef9c6d010"
  integrity sha512-wKyQRQpjJ0sIp62ErSZdGsjMJWsap5oRNihHhu6G7JVO/9jIB6UyevL+tXuOqrng8j/cxKTWyWUwvSTriiZz/g==
  dependencies:
    emoji-regex "^8.0.0"
    is-fullwidth-code-point "^3.0.0"
    strip-ansi "^6.0.1"

strip-ansi@^6.0.0, strip-ansi@^6.0.1:
  version "6.0.1"
  resolved "https://registry.yarnpkg.com/strip-ansi/-/strip-ansi-6.0.1.tgz#9e26c63d30f53443e9489495b2105d37b67a85d9"
  integrity sha512-Y38VPSHcqkFrCpFnQ9vuSXmquuv5oXOKpGeT6aGrr3o3Gc9AlVa6JBfUSOCnbxGGZF+/0ooI7KrPuUSztUdU5A==
  dependencies:
    ansi-regex "^5.0.1"

uuid@3.4.0:
  version "3.4.0"
  resolved "https://registry.yarnpkg.com/uuid/-/uuid-3.4.0.tgz#b23e4358afa8a202fe7a100af1f5f883f02007ee"
  integrity sha512-HjSDRw6gZE5JMggctHBcjVak08+KEVhSIiDzFnT9S9aegmp85S/bReBVTb4QTFaRNptJ9kuYaNhnbNEOkbKb/A==

warn-once@^0.1.0:
  version "0.1.0"
  resolved "https://registry.yarnpkg.com/warn-once/-/warn-once-0.1.0.tgz#4f58d89b84f968d0389176aa99e0cf0f14ffd4c8"
  integrity sha512-recZTSvuaH/On5ZU5ywq66y99lImWqzP93+AiUo9LUwG8gXHW+LJjhOd6REJHm7qb0niYqrEQJvbHSQfuJtTqA==

which-module@^2.0.0:
  version "2.0.0"
  resolved "https://registry.yarnpkg.com/which-module/-/which-module-2.0.0.tgz#d9ef07dce77b9902b8a3a8fa4b31c3e3f7e6e87a"
  integrity sha1-2e8H3Od7mQK4o6j6SzHD4/fm6Ho=

wrap-ansi@^6.2.0:
  version "6.2.0"
  resolved "https://registry.yarnpkg.com/wrap-ansi/-/wrap-ansi-6.2.0.tgz#e9393ba07102e6c91a3b221478f0257cd2856e53"
  integrity sha512-r6lPcBGxZXlIcymEu7InxDMhdW0KDxpLgoFLcguasxCaJ/SOIZwINatK9KY/tf+ZrlywOKU0UDj3ATXUBfxJXA==
  dependencies:
    ansi-styles "^4.0.0"
    string-width "^4.1.0"
    strip-ansi "^6.0.0"

wrap-ansi@^7.0.0:
  version "7.0.0"
  resolved "https://registry.yarnpkg.com/wrap-ansi/-/wrap-ansi-7.0.0.tgz#67e145cff510a6a6984bdf1152911d69d2eb9e43"
  integrity sha512-YVGIj2kamLSTxw6NsZjoBxfSwsn0ycdesmc4p+Q21c5zPuZ1pl+NfxVdxPtdHvmNVOQ6XSYG4AUtyt/Fi7D16Q==
  dependencies:
    ansi-styles "^4.0.0"
    string-width "^4.1.0"
    strip-ansi "^6.0.0"

y18n@^4.0.0:
  version "4.0.3"
  resolved "https://registry.yarnpkg.com/y18n/-/y18n-4.0.3.tgz#b5f259c82cd6e336921efd7bfd8bf560de9eeedf"
  integrity sha512-JKhqTOwSrqNA1NY5lSztJ1GrBiUodLMmIZuLiDaMRJ+itFd+ABVE8XBjOvIWL+rSqNDC74LCSFmlb/U4UZ4hJQ==

y18n@^5.0.5:
  version "5.0.8"
  resolved "https://registry.yarnpkg.com/y18n/-/y18n-5.0.8.tgz#7f4934d0f7ca8c56f95314939ddcd2dd91ce1d55"
  integrity sha512-0pfFzegeDWJHJIAmTLRP2DwHjdF5s7jo9tuztdQxAhINCdvS+3nGINqPd00AphqJR/0LhANUS6/+7SCb98YOfA==

yargs-parser@^18.1.2:
  version "18.1.3"
  resolved "https://registry.yarnpkg.com/yargs-parser/-/yargs-parser-18.1.3.tgz#be68c4975c6b2abf469236b0c870362fab09a7b0"
  integrity sha512-o50j0JeToy/4K6OZcaQmW6lyXXKhq7csREXcDwk2omFPJEwUNOVtJKvmDr9EI1fAJZUyZcRF7kxGBWmRXudrCQ==
  dependencies:
    camelcase "^5.0.0"
    decamelize "^1.2.0"

yargs-parser@^20.2.2:
  version "20.2.9"
  resolved "https://registry.yarnpkg.com/yargs-parser/-/yargs-parser-20.2.9.tgz#2eb7dc3b0289718fc295f362753845c41a0c94ee"
  integrity sha512-y11nGElTIV+CT3Zv9t7VKl+Q3hTQoT9a1Qzezhhl6Rp21gJ/IVTW7Z3y9EWXhuUBC2Shnf+DX0antecpAwSP8w==

yargs@^15.3.1:
  version "15.4.1"
  resolved "https://registry.yarnpkg.com/yargs/-/yargs-15.4.1.tgz#0d87a16de01aee9d8bec2bfbf74f67851730f4f8"
  integrity sha512-aePbxDmcYW++PaqBsJ+HYUFwCdv4LVvdnhBy78E57PIor8/OVvhMrADFFEDh8DHDFRv/O9i3lPhsENjO7QX0+A==
  dependencies:
    cliui "^6.0.0"
    decamelize "^1.2.0"
    find-up "^4.1.0"
    get-caller-file "^2.0.1"
    require-directory "^2.1.1"
    require-main-filename "^2.0.0"
    set-blocking "^2.0.0"
    string-width "^4.2.0"
    which-module "^2.0.0"
    y18n "^4.0.0"
    yargs-parser "^18.1.2"

yargs@^16.1.1:
  version "16.2.0"
  resolved "https://registry.yarnpkg.com/yargs/-/yargs-16.2.0.tgz#1c82bf0f6b6a66eafce7ef30e376f49a12477f66"
  integrity sha512-D1mvvtDG0L5ft/jGWkLpG1+m0eQxOfaBvTNELraWj22wSVUMWxZUvYgJYcKh6jGGIkJFhH4IZPQhR4TKpc8mBw==
  dependencies:
    cliui "^7.0.2"
    escalade "^3.1.1"
    get-caller-file "^2.0.5"
    require-directory "^2.1.1"
    string-width "^4.2.0"
    y18n "^5.0.5"
    yargs-parser "^20.2.2"
